// !$*UTF8*$!
{
	archiveVersion = 1;
	classes = {
	};
	objectVersion = 51;
	objects = {

/* Begin PBXBuildFile section */
		0914AE8D228F377100F0C8DE /* NotificationTableViewCell.swift in Sources */ = {isa = PBXBuildFile; fileRef = 0914AE8B228F377100F0C8DE /* NotificationTableViewCell.swift */; };
		0914AE8E228F377100F0C8DE /* NotificationTableViewCell.xib in Resources */ = {isa = PBXBuildFile; fileRef = 0914AE8C228F377100F0C8DE /* NotificationTableViewCell.xib */; };
		091551CC22860F76001F0E48 /* SinglesUserProfileViewController.swift in Sources */ = {isa = PBXBuildFile; fileRef = 091551CB22860F76001F0E48 /* SinglesUserProfileViewController.swift */; };
		096E510222565F1F00D86172 /* AppDelegate.swift in Sources */ = {isa = PBXBuildFile; fileRef = 096E510122565F1F00D86172 /* AppDelegate.swift */; };
		096E510722565F1F00D86172 /* Main.storyboard in Resources */ = {isa = PBXBuildFile; fileRef = 096E510522565F1F00D86172 /* Main.storyboard */; };
		096E510922565F2100D86172 /* Assets.xcassets in Resources */ = {isa = PBXBuildFile; fileRef = 096E510822565F2100D86172 /* Assets.xcassets */; };
		096E510C22565F2100D86172 /* LaunchScreen.storyboard in Resources */ = {isa = PBXBuildFile; fileRef = 096E510A22565F2100D86172 /* LaunchScreen.storyboard */; };
		096E51142256652300D86172 /* SignUpViewController.swift in Sources */ = {isa = PBXBuildFile; fileRef = 096E51132256652300D86172 /* SignUpViewController.swift */; };
		096E51162256699100D86172 /* LogInViewController.swift in Sources */ = {isa = PBXBuildFile; fileRef = 096E51152256699100D86172 /* LogInViewController.swift */; };
		098D50B9228DA5E100669493 /* NotificationsViewController.swift in Sources */ = {isa = PBXBuildFile; fileRef = 098D50B8228DA5E100669493 /* NotificationsViewController.swift */; };
		0998FF23225D5D3700CEB49B /* SinglesTableViewCell.swift in Sources */ = {isa = PBXBuildFile; fileRef = 0998FF21225D5D3700CEB49B /* SinglesTableViewCell.swift */; };
		0998FF24225D5D3700CEB49B /* SinglesTableViewCell.xib in Resources */ = {isa = PBXBuildFile; fileRef = 0998FF22225D5D3700CEB49B /* SinglesTableViewCell.xib */; };
		0998FF27225D6B6C00CEB49B /* CouplesTableViewCell.swift in Sources */ = {isa = PBXBuildFile; fileRef = 0998FF25225D6B6C00CEB49B /* CouplesTableViewCell.swift */; };
		0998FF28225D6B6C00CEB49B /* CouplesTableViewCell.xib in Resources */ = {isa = PBXBuildFile; fileRef = 0998FF26225D6B6C00CEB49B /* CouplesTableViewCell.xib */; };
		0998FF30225D8CEC00CEB49B /* MainFeedViewController.swift in Sources */ = {isa = PBXBuildFile; fileRef = 0998FF2F225D8CEC00CEB49B /* MainFeedViewController.swift */; };
		09A483F8225FC8670029A6CC /* MainTabViewController.swift in Sources */ = {isa = PBXBuildFile; fileRef = 09A483F7225FC8670029A6CC /* MainTabViewController.swift */; };
		09A483FB2261119E0029A6CC /* UserData.swift in Sources */ = {isa = PBXBuildFile; fileRef = 09A483FA2261119E0029A6CC /* UserData.swift */; };
		09B02DB42271EBD300B00CAF /* ChangePasswordViewController.swift in Sources */ = {isa = PBXBuildFile; fileRef = 09B02DB32271EBD300B00CAF /* ChangePasswordViewController.swift */; };
		09B02DB62271EC1000B00CAF /* ApparelRegistryViewController.swift in Sources */ = {isa = PBXBuildFile; fileRef = 09B02DB52271EC1000B00CAF /* ApparelRegistryViewController.swift */; };
		09B02DB82271EC2F00B00CAF /* UserProfileViewController.swift in Sources */ = {isa = PBXBuildFile; fileRef = 09B02DB72271EC2F00B00CAF /* UserProfileViewController.swift */; };
		09D725A5229469F10080AC75 /* CouplesUserProfileViewController.swift in Sources */ = {isa = PBXBuildFile; fileRef = 09D725A4229469F10080AC75 /* CouplesUserProfileViewController.swift */; };
		09FB55052268F80D00C9416F /* SettingsTableViewController.swift in Sources */ = {isa = PBXBuildFile; fileRef = 09FB55042268F80D00C9416F /* SettingsTableViewController.swift */; };
		59C0C6AE29E59F967A3B2B2A /* Pods_PromDate_app.framework in Frameworks */ = {isa = PBXBuildFile; fileRef = A3A171B49502DB85068B9AFC /* Pods_PromDate_app.framework */; };
		637FA8902279E85C00D31B4E /* PopUpViewController.swift in Sources */ = {isa = PBXBuildFile; fileRef = 637FA88F2279E85C00D31B4E /* PopUpViewController.swift */; };
		63FDF21E229D8351000539F9 /* InviteViewController.swift in Sources */ = {isa = PBXBuildFile; fileRef = 63FDF21D229D8351000539F9 /* InviteViewController.swift */; };
/* End PBXBuildFile section */

/* Begin PBXFileReference section */
		0914AE8B228F377100F0C8DE /* NotificationTableViewCell.swift */ = {isa = PBXFileReference; lastKnownFileType = sourcecode.swift; path = NotificationTableViewCell.swift; sourceTree = "<group>"; };
		0914AE8C228F377100F0C8DE /* NotificationTableViewCell.xib */ = {isa = PBXFileReference; lastKnownFileType = file.xib; path = NotificationTableViewCell.xib; sourceTree = "<group>"; };
		091551CB22860F76001F0E48 /* SinglesUserProfileViewController.swift */ = {isa = PBXFileReference; lastKnownFileType = sourcecode.swift; name = SinglesUserProfileViewController.swift; path = "PromDate app/Controller/SinglesUserProfileViewController.swift"; sourceTree = SOURCE_ROOT; };
		096E50FE22565F1F00D86172 /* PromDate app.app */ = {isa = PBXFileReference; explicitFileType = wrapper.application; includeInIndex = 0; path = "PromDate app.app"; sourceTree = BUILT_PRODUCTS_DIR; };
		096E510122565F1F00D86172 /* AppDelegate.swift */ = {isa = PBXFileReference; lastKnownFileType = sourcecode.swift; path = AppDelegate.swift; sourceTree = "<group>"; };
		096E510622565F1F00D86172 /* Base */ = {isa = PBXFileReference; lastKnownFileType = file.storyboard; name = Base; path = Base.lproj/Main.storyboard; sourceTree = "<group>"; };
		096E510822565F2100D86172 /* Assets.xcassets */ = {isa = PBXFileReference; lastKnownFileType = folder.assetcatalog; path = Assets.xcassets; sourceTree = "<group>"; };
		096E510B22565F2100D86172 /* Base */ = {isa = PBXFileReference; lastKnownFileType = file.storyboard; name = Base; path = Base.lproj/LaunchScreen.storyboard; sourceTree = "<group>"; };
		096E510D22565F2100D86172 /* Info.plist */ = {isa = PBXFileReference; lastKnownFileType = text.plist.xml; path = Info.plist; sourceTree = "<group>"; };
		096E51132256652300D86172 /* SignUpViewController.swift */ = {isa = PBXFileReference; lastKnownFileType = sourcecode.swift; path = SignUpViewController.swift; sourceTree = "<group>"; };
		096E51152256699100D86172 /* LogInViewController.swift */ = {isa = PBXFileReference; lastKnownFileType = sourcecode.swift; path = LogInViewController.swift; sourceTree = "<group>"; };
		098D50B8228DA5E100669493 /* NotificationsViewController.swift */ = {isa = PBXFileReference; lastKnownFileType = sourcecode.swift; path = NotificationsViewController.swift; sourceTree = "<group>"; };
		0998FF21225D5D3700CEB49B /* SinglesTableViewCell.swift */ = {isa = PBXFileReference; lastKnownFileType = sourcecode.swift; path = SinglesTableViewCell.swift; sourceTree = "<group>"; };
		0998FF22225D5D3700CEB49B /* SinglesTableViewCell.xib */ = {isa = PBXFileReference; lastKnownFileType = file.xib; path = SinglesTableViewCell.xib; sourceTree = "<group>"; };
		0998FF25225D6B6C00CEB49B /* CouplesTableViewCell.swift */ = {isa = PBXFileReference; lastKnownFileType = sourcecode.swift; path = CouplesTableViewCell.swift; sourceTree = "<group>"; };
		0998FF26225D6B6C00CEB49B /* CouplesTableViewCell.xib */ = {isa = PBXFileReference; lastKnownFileType = file.xib; path = CouplesTableViewCell.xib; sourceTree = "<group>"; };
		0998FF2F225D8CEC00CEB49B /* MainFeedViewController.swift */ = {isa = PBXFileReference; lastKnownFileType = sourcecode.swift; path = MainFeedViewController.swift; sourceTree = "<group>"; };
		09A483F7225FC8670029A6CC /* MainTabViewController.swift */ = {isa = PBXFileReference; lastKnownFileType = sourcecode.swift; path = MainTabViewController.swift; sourceTree = "<group>"; };
		09A483FA2261119E0029A6CC /* UserData.swift */ = {isa = PBXFileReference; lastKnownFileType = sourcecode.swift; path = UserData.swift; sourceTree = "<group>"; };
		09B02DB32271EBD300B00CAF /* ChangePasswordViewController.swift */ = {isa = PBXFileReference; lastKnownFileType = sourcecode.swift; path = ChangePasswordViewController.swift; sourceTree = "<group>"; };
		09B02DB52271EC1000B00CAF /* ApparelRegistryViewController.swift */ = {isa = PBXFileReference; lastKnownFileType = sourcecode.swift; path = ApparelRegistryViewController.swift; sourceTree = "<group>"; };
		09B02DB72271EC2F00B00CAF /* UserProfileViewController.swift */ = {isa = PBXFileReference; lastKnownFileType = sourcecode.swift; path = UserProfileViewController.swift; sourceTree = "<group>"; };
		09D725A4229469F10080AC75 /* CouplesUserProfileViewController.swift */ = {isa = PBXFileReference; lastKnownFileType = sourcecode.swift; path = CouplesUserProfileViewController.swift; sourceTree = "<group>"; };
		09FB55042268F80D00C9416F /* SettingsTableViewController.swift */ = {isa = PBXFileReference; lastKnownFileType = sourcecode.swift; path = SettingsTableViewController.swift; sourceTree = "<group>"; };
		39F4AF0D907CAFFD8E029B7D /* Pods-PromDate app.release.xcconfig */ = {isa = PBXFileReference; includeInIndex = 1; lastKnownFileType = text.xcconfig; name = "Pods-PromDate app.release.xcconfig"; path = "Target Support Files/Pods-PromDate app/Pods-PromDate app.release.xcconfig"; sourceTree = "<group>"; };
		637FA88F2279E85C00D31B4E /* PopUpViewController.swift */ = {isa = PBXFileReference; lastKnownFileType = sourcecode.swift; path = PopUpViewController.swift; sourceTree = "<group>"; };
		63FDF21D229D8351000539F9 /* InviteViewController.swift */ = {isa = PBXFileReference; lastKnownFileType = sourcecode.swift; path = InviteViewController.swift; sourceTree = "<group>"; };
		A3A171B49502DB85068B9AFC /* Pods_PromDate_app.framework */ = {isa = PBXFileReference; explicitFileType = wrapper.framework; includeInIndex = 0; path = Pods_PromDate_app.framework; sourceTree = BUILT_PRODUCTS_DIR; };
		CCBBFAF010155237901C8D86 /* Pods-PromDate app.debug.xcconfig */ = {isa = PBXFileReference; includeInIndex = 1; lastKnownFileType = text.xcconfig; name = "Pods-PromDate app.debug.xcconfig"; path = "Target Support Files/Pods-PromDate app/Pods-PromDate app.debug.xcconfig"; sourceTree = "<group>"; };
/* End PBXFileReference section */

/* Begin PBXFrameworksBuildPhase section */
		096E50FB22565F1F00D86172 /* Frameworks */ = {
			isa = PBXFrameworksBuildPhase;
			buildActionMask = 2147483647;
			files = (
				59C0C6AE29E59F967A3B2B2A /* Pods_PromDate_app.framework in Frameworks */,
			);
			runOnlyForDeploymentPostprocessing = 0;
		};
/* End PBXFrameworksBuildPhase section */

/* Begin PBXGroup section */
		08B0CE0750479A1C924AD308 /* Pods */ = {
			isa = PBXGroup;
			children = (
				CCBBFAF010155237901C8D86 /* Pods-PromDate app.debug.xcconfig */,
				39F4AF0D907CAFFD8E029B7D /* Pods-PromDate app.release.xcconfig */,
			);
			path = Pods;
			sourceTree = "<group>";
		};
		096E50F522565F1F00D86172 = {
			isa = PBXGroup;
			children = (
				096E510022565F1F00D86172 /* PromDate app */,
				096E50FF22565F1F00D86172 /* Products */,
				08B0CE0750479A1C924AD308 /* Pods */,
				4F9E9911B7F7369E8CC83CAF /* Frameworks */,
			);
			sourceTree = "<group>";
		};
		096E50FF22565F1F00D86172 /* Products */ = {
			isa = PBXGroup;
			children = (
				096E50FE22565F1F00D86172 /* PromDate app.app */,
			);
			name = Products;
			sourceTree = "<group>";
		};
		096E510022565F1F00D86172 /* PromDate app */ = {
			isa = PBXGroup;
			children = (
				09A483F9226111750029A6CC /* Data Model */,
				0998FF20225D5CAB00CEB49B /* Custom Cell */,
				0998FF2B225D7A1E00CEB49B /* Controller */,
				096E510822565F2100D86172 /* Assets.xcassets */,
				0998FF2C225D7A6C00CEB49B /* View */,
				096E510D22565F2100D86172 /* Info.plist */,
			);
			path = "PromDate app";
			sourceTree = "<group>";
		};
		0998FF20225D5CAB00CEB49B /* Custom Cell */ = {
			isa = PBXGroup;
			children = (
				0998FF22225D5D3700CEB49B /* SinglesTableViewCell.xib */,
				0998FF21225D5D3700CEB49B /* SinglesTableViewCell.swift */,
				0914AE8C228F377100F0C8DE /* NotificationTableViewCell.xib */,
				0914AE8B228F377100F0C8DE /* NotificationTableViewCell.swift */,
				0998FF26225D6B6C00CEB49B /* CouplesTableViewCell.xib */,
				0998FF25225D6B6C00CEB49B /* CouplesTableViewCell.swift */,
			);
			path = "Custom Cell";
			sourceTree = "<group>";
		};
		0998FF2B225D7A1E00CEB49B /* Controller */ = {
			isa = PBXGroup;
			children = (
				096E510122565F1F00D86172 /* AppDelegate.swift */,
				09B02DB52271EC1000B00CAF /* ApparelRegistryViewController.swift */,
				09B02DB32271EBD300B00CAF /* ChangePasswordViewController.swift */,
				096E51152256699100D86172 /* LogInViewController.swift */,
				096E51132256652300D86172 /* SignUpViewController.swift */,
				09A483F7225FC8670029A6CC /* MainTabViewController.swift */,
				0998FF2F225D8CEC00CEB49B /* MainFeedViewController.swift */,
				098D50B8228DA5E100669493 /* NotificationsViewController.swift */,
				09FB55042268F80D00C9416F /* SettingsTableViewController.swift */,
				09B02DB72271EC2F00B00CAF /* UserProfileViewController.swift */,
				091551CB22860F76001F0E48 /* SinglesUserProfileViewController.swift */,
				09D725A4229469F10080AC75 /* CouplesUserProfileViewController.swift */,
				637FA88F2279E85C00D31B4E /* PopUpViewController.swift */,
				63FDF21D229D8351000539F9 /* InviteViewController.swift */,
			);
			path = Controller;
			sourceTree = "<group>";
		};
		0998FF2C225D7A6C00CEB49B /* View */ = {
			isa = PBXGroup;
			children = (
				096E510522565F1F00D86172 /* Main.storyboard */,
				096E510A22565F2100D86172 /* LaunchScreen.storyboard */,
			);
			path = View;
			sourceTree = "<group>";
		};
		09A483F9226111750029A6CC /* Data Model */ = {
			isa = PBXGroup;
			children = (
				09A483FA2261119E0029A6CC /* UserData.swift */,
			);
			path = "Data Model";
			sourceTree = "<group>";
		};
		4F9E9911B7F7369E8CC83CAF /* Frameworks */ = {
			isa = PBXGroup;
			children = (
				A3A171B49502DB85068B9AFC /* Pods_PromDate_app.framework */,
			);
			name = Frameworks;
			sourceTree = "<group>";
		};
/* End PBXGroup section */

/* Begin PBXNativeTarget section */
		096E50FD22565F1F00D86172 /* PromDate app */ = {
			isa = PBXNativeTarget;
			buildConfigurationList = 096E511022565F2100D86172 /* Build configuration list for PBXNativeTarget "PromDate app" */;
			buildPhases = (
				9276C6D6193EDDEF634CF04B /* [CP] Check Pods Manifest.lock */,
				096E50FA22565F1F00D86172 /* Sources */,
				096E50FB22565F1F00D86172 /* Frameworks */,
				096E50FC22565F1F00D86172 /* Resources */,
				C5D19A2413EC9E7F0AC23E58 /* [CP] Embed Pods Frameworks */,
			);
			buildRules = (
			);
			dependencies = (
			);
			name = "PromDate app";
			productName = "PromDate app";
			productReference = 096E50FE22565F1F00D86172 /* PromDate app.app */;
			productType = "com.apple.product-type.application";
		};
/* End PBXNativeTarget section */

/* Begin PBXProject section */
		096E50F622565F1F00D86172 /* Project object */ = {
			isa = PBXProject;
			attributes = {
				LastSwiftUpdateCheck = 1020;
				LastUpgradeCheck = 1020;
				ORGANIZATIONNAME = "Olivier Caron";
				TargetAttributes = {
					096E50FD22565F1F00D86172 = {
						CreatedOnToolsVersion = 10.2;
						LastSwiftMigration = 1020;
						SystemCapabilities = {
							com.apple.BackgroundModes = {
								enabled = 1;
							};
						};
					};
				};
			};
			buildConfigurationList = 096E50F922565F1F00D86172 /* Build configuration list for PBXProject "PromDate app" */;
			compatibilityVersion = "Xcode 10.0";
			developmentRegion = en;
			hasScannedForEncodings = 0;
			knownRegions = (
				en,
				Base,
			);
			mainGroup = 096E50F522565F1F00D86172;
			productRefGroup = 096E50FF22565F1F00D86172 /* Products */;
			projectDirPath = "";
			projectRoot = "";
			targets = (
				096E50FD22565F1F00D86172 /* PromDate app */,
			);
		};
/* End PBXProject section */

/* Begin PBXResourcesBuildPhase section */
		096E50FC22565F1F00D86172 /* Resources */ = {
			isa = PBXResourcesBuildPhase;
			buildActionMask = 2147483647;
			files = (
				096E510C22565F2100D86172 /* LaunchScreen.storyboard in Resources */,
				0998FF24225D5D3700CEB49B /* SinglesTableViewCell.xib in Resources */,
				0914AE8E228F377100F0C8DE /* NotificationTableViewCell.xib in Resources */,
				096E510922565F2100D86172 /* Assets.xcassets in Resources */,
				0998FF28225D6B6C00CEB49B /* CouplesTableViewCell.xib in Resources */,
				096E510722565F1F00D86172 /* Main.storyboard in Resources */,
			);
			runOnlyForDeploymentPostprocessing = 0;
		};
/* End PBXResourcesBuildPhase section */

/* Begin PBXShellScriptBuildPhase section */
		9276C6D6193EDDEF634CF04B /* [CP] Check Pods Manifest.lock */ = {
			isa = PBXShellScriptBuildPhase;
			buildActionMask = 2147483647;
			files = (
			);
			inputFileListPaths = (
			);
			inputPaths = (
				"${PODS_PODFILE_DIR_PATH}/Podfile.lock",
				"${PODS_ROOT}/Manifest.lock",
			);
			name = "[CP] Check Pods Manifest.lock";
			outputFileListPaths = (
			);
			outputPaths = (
				"$(DERIVED_FILE_DIR)/Pods-PromDate app-checkManifestLockResult.txt",
			);
			runOnlyForDeploymentPostprocessing = 0;
			shellPath = /bin/sh;
			shellScript = "diff \"${PODS_PODFILE_DIR_PATH}/Podfile.lock\" \"${PODS_ROOT}/Manifest.lock\" > /dev/null\nif [ $? != 0 ] ; then\n    # print error to STDERR\n    echo \"error: The sandbox is not in sync with the Podfile.lock. Run 'pod install' or update your CocoaPods installation.\" >&2\n    exit 1\nfi\n# This output is used by Xcode 'outputs' to avoid re-running this script phase.\necho \"SUCCESS\" > \"${SCRIPT_OUTPUT_FILE_0}\"\n";
			showEnvVarsInLog = 0;
		};
		C5D19A2413EC9E7F0AC23E58 /* [CP] Embed Pods Frameworks */ = {
			isa = PBXShellScriptBuildPhase;
			buildActionMask = 2147483647;
			files = (
			);
			inputFileListPaths = (
			);
			inputPaths = (
				"${PODS_ROOT}/Target Support Files/Pods-PromDate app/Pods-PromDate app-frameworks.sh",
				"${BUILT_PRODUCTS_DIR}/Alamofire/Alamofire.framework",
				"${BUILT_PRODUCTS_DIR}/AlamofireImage/AlamofireImage.framework",
				"${BUILT_PRODUCTS_DIR}/SwiftyJSON/SwiftyJSON.framework",
			);
			name = "[CP] Embed Pods Frameworks";
			outputFileListPaths = (
			);
			outputPaths = (
				"${TARGET_BUILD_DIR}/${FRAMEWORKS_FOLDER_PATH}/Alamofire.framework",
				"${TARGET_BUILD_DIR}/${FRAMEWORKS_FOLDER_PATH}/AlamofireImage.framework",
				"${TARGET_BUILD_DIR}/${FRAMEWORKS_FOLDER_PATH}/SwiftyJSON.framework",
			);
			runOnlyForDeploymentPostprocessing = 0;
			shellPath = /bin/sh;
			shellScript = "\"${PODS_ROOT}/Target Support Files/Pods-PromDate app/Pods-PromDate app-frameworks.sh\"\n";
			showEnvVarsInLog = 0;
		};
/* End PBXShellScriptBuildPhase section */

/* Begin PBXSourcesBuildPhase section */
		096E50FA22565F1F00D86172 /* Sources */ = {
			isa = PBXSourcesBuildPhase;
			buildActionMask = 2147483647;
			files = (
				098D50B9228DA5E100669493 /* NotificationsViewController.swift in Sources */,
				09D725A5229469F10080AC75 /* CouplesUserProfileViewController.swift in Sources */,
				09B02DB42271EBD300B00CAF /* ChangePasswordViewController.swift in Sources */,
				096E51142256652300D86172 /* SignUpViewController.swift in Sources */,
				0998FF30225D8CEC00CEB49B /* MainFeedViewController.swift in Sources */,
				0914AE8D228F377100F0C8DE /* NotificationTableViewCell.swift in Sources */,
				09A483FB2261119E0029A6CC /* UserData.swift in Sources */,
				0998FF27225D6B6C00CEB49B /* CouplesTableViewCell.swift in Sources */,
				0998FF23225D5D3700CEB49B /* SinglesTableViewCell.swift in Sources */,
				63FDF21E229D8351000539F9 /* InviteViewController.swift in Sources */,
				09FB55052268F80D00C9416F /* SettingsTableViewController.swift in Sources */,
				09B02DB82271EC2F00B00CAF /* UserProfileViewController.swift in Sources */,
				637FA8902279E85C00D31B4E /* PopUpViewController.swift in Sources */,
				096E510222565F1F00D86172 /* AppDelegate.swift in Sources */,
				09A483F8225FC8670029A6CC /* MainTabViewController.swift in Sources */,
				091551CC22860F76001F0E48 /* SinglesUserProfileViewController.swift in Sources */,
				096E51162256699100D86172 /* LogInViewController.swift in Sources */,
				09B02DB62271EC1000B00CAF /* ApparelRegistryViewController.swift in Sources */,
			);
			runOnlyForDeploymentPostprocessing = 0;
		};
/* End PBXSourcesBuildPhase section */

/* Begin PBXVariantGroup section */
		096E510522565F1F00D86172 /* Main.storyboard */ = {
			isa = PBXVariantGroup;
			children = (
				096E510622565F1F00D86172 /* Base */,
			);
			name = Main.storyboard;
			sourceTree = "<group>";
		};
		096E510A22565F2100D86172 /* LaunchScreen.storyboard */ = {
			isa = PBXVariantGroup;
			children = (
				096E510B22565F2100D86172 /* Base */,
			);
			name = LaunchScreen.storyboard;
			sourceTree = "<group>";
		};
/* End PBXVariantGroup section */

/* Begin XCBuildConfiguration section */
		096E510E22565F2100D86172 /* Debug */ = {
			isa = XCBuildConfiguration;
			buildSettings = {
				ALWAYS_SEARCH_USER_PATHS = NO;
				CLANG_ANALYZER_NONNULL = YES;
				CLANG_ANALYZER_NUMBER_OBJECT_CONVERSION = YES_AGGRESSIVE;
				CLANG_CXX_LANGUAGE_STANDARD = "gnu++14";
				CLANG_CXX_LIBRARY = "libc++";
				CLANG_ENABLE_MODULES = YES;
				CLANG_ENABLE_OBJC_ARC = YES;
				CLANG_ENABLE_OBJC_WEAK = YES;
				CLANG_WARN_BLOCK_CAPTURE_AUTORELEASING = YES;
				CLANG_WARN_BOOL_CONVERSION = YES;
				CLANG_WARN_COMMA = YES;
				CLANG_WARN_CONSTANT_CONVERSION = YES;
				CLANG_WARN_DEPRECATED_OBJC_IMPLEMENTATIONS = YES;
				CLANG_WARN_DIRECT_OBJC_ISA_USAGE = YES_ERROR;
				CLANG_WARN_DOCUMENTATION_COMMENTS = YES;
				CLANG_WARN_EMPTY_BODY = YES;
				CLANG_WARN_ENUM_CONVERSION = YES;
				CLANG_WARN_INFINITE_RECURSION = YES;
				CLANG_WARN_INT_CONVERSION = YES;
				CLANG_WARN_NON_LITERAL_NULL_CONVERSION = YES;
				CLANG_WARN_OBJC_IMPLICIT_RETAIN_SELF = YES;
				CLANG_WARN_OBJC_LITERAL_CONVERSION = YES;
				CLANG_WARN_OBJC_ROOT_CLASS = YES_ERROR;
				CLANG_WARN_RANGE_LOOP_ANALYSIS = YES;
				CLANG_WARN_STRICT_PROTOTYPES = YES;
				CLANG_WARN_SUSPICIOUS_MOVE = YES;
				CLANG_WARN_UNGUARDED_AVAILABILITY = YES_AGGRESSIVE;
				CLANG_WARN_UNREACHABLE_CODE = YES;
				CLANG_WARN__DUPLICATE_METHOD_MATCH = YES;
				CODE_SIGN_IDENTITY = "iPhone Developer";
				COPY_PHASE_STRIP = NO;
				DEBUG_INFORMATION_FORMAT = dwarf;
				ENABLE_STRICT_OBJC_MSGSEND = YES;
				ENABLE_TESTABILITY = YES;
				GCC_C_LANGUAGE_STANDARD = gnu11;
				GCC_DYNAMIC_NO_PIC = NO;
				GCC_NO_COMMON_BLOCKS = YES;
				GCC_OPTIMIZATION_LEVEL = 0;
				GCC_PREPROCESSOR_DEFINITIONS = (
					"DEBUG=1",
					"$(inherited)",
				);
				GCC_WARN_64_TO_32_BIT_CONVERSION = YES;
				GCC_WARN_ABOUT_RETURN_TYPE = YES_ERROR;
				GCC_WARN_UNDECLARED_SELECTOR = YES;
				GCC_WARN_UNINITIALIZED_AUTOS = YES_AGGRESSIVE;
				GCC_WARN_UNUSED_FUNCTION = YES;
				GCC_WARN_UNUSED_VARIABLE = YES;
				IPHONEOS_DEPLOYMENT_TARGET = 12.2;
				MTL_ENABLE_DEBUG_INFO = INCLUDE_SOURCE;
				MTL_FAST_MATH = YES;
				ONLY_ACTIVE_ARCH = YES;
				SDKROOT = iphoneos;
				SWIFT_ACTIVE_COMPILATION_CONDITIONS = DEBUG;
				SWIFT_OPTIMIZATION_LEVEL = "-Onone";
			};
			name = Debug;
		};
		096E510F22565F2100D86172 /* Release */ = {
			isa = XCBuildConfiguration;
			buildSettings = {
				ALWAYS_SEARCH_USER_PATHS = NO;
				CLANG_ANALYZER_NONNULL = YES;
				CLANG_ANALYZER_NUMBER_OBJECT_CONVERSION = YES_AGGRESSIVE;
				CLANG_CXX_LANGUAGE_STANDARD = "gnu++14";
				CLANG_CXX_LIBRARY = "libc++";
				CLANG_ENABLE_MODULES = YES;
				CLANG_ENABLE_OBJC_ARC = YES;
				CLANG_ENABLE_OBJC_WEAK = YES;
				CLANG_WARN_BLOCK_CAPTURE_AUTORELEASING = YES;
				CLANG_WARN_BOOL_CONVERSION = YES;
				CLANG_WARN_COMMA = YES;
				CLANG_WARN_CONSTANT_CONVERSION = YES;
				CLANG_WARN_DEPRECATED_OBJC_IMPLEMENTATIONS = YES;
				CLANG_WARN_DIRECT_OBJC_ISA_USAGE = YES_ERROR;
				CLANG_WARN_DOCUMENTATION_COMMENTS = YES;
				CLANG_WARN_EMPTY_BODY = YES;
				CLANG_WARN_ENUM_CONVERSION = YES;
				CLANG_WARN_INFINITE_RECURSION = YES;
				CLANG_WARN_INT_CONVERSION = YES;
				CLANG_WARN_NON_LITERAL_NULL_CONVERSION = YES;
				CLANG_WARN_OBJC_IMPLICIT_RETAIN_SELF = YES;
				CLANG_WARN_OBJC_LITERAL_CONVERSION = YES;
				CLANG_WARN_OBJC_ROOT_CLASS = YES_ERROR;
				CLANG_WARN_RANGE_LOOP_ANALYSIS = YES;
				CLANG_WARN_STRICT_PROTOTYPES = YES;
				CLANG_WARN_SUSPICIOUS_MOVE = YES;
				CLANG_WARN_UNGUARDED_AVAILABILITY = YES_AGGRESSIVE;
				CLANG_WARN_UNREACHABLE_CODE = YES;
				CLANG_WARN__DUPLICATE_METHOD_MATCH = YES;
				CODE_SIGN_IDENTITY = "iPhone Developer";
				COPY_PHASE_STRIP = NO;
				DEBUG_INFORMATION_FORMAT = "dwarf-with-dsym";
				ENABLE_NS_ASSERTIONS = NO;
				ENABLE_STRICT_OBJC_MSGSEND = YES;
				GCC_C_LANGUAGE_STANDARD = gnu11;
				GCC_NO_COMMON_BLOCKS = YES;
				GCC_WARN_64_TO_32_BIT_CONVERSION = YES;
				GCC_WARN_ABOUT_RETURN_TYPE = YES_ERROR;
				GCC_WARN_UNDECLARED_SELECTOR = YES;
				GCC_WARN_UNINITIALIZED_AUTOS = YES_AGGRESSIVE;
				GCC_WARN_UNUSED_FUNCTION = YES;
				GCC_WARN_UNUSED_VARIABLE = YES;
				IPHONEOS_DEPLOYMENT_TARGET = 12.2;
				MTL_ENABLE_DEBUG_INFO = NO;
				MTL_FAST_MATH = YES;
				SDKROOT = iphoneos;
				SWIFT_COMPILATION_MODE = wholemodule;
				SWIFT_OPTIMIZATION_LEVEL = "-O";
				VALIDATE_PRODUCT = YES;
			};
			name = Release;
		};
		096E511122565F2100D86172 /* Debug */ = {
			isa = XCBuildConfiguration;
			baseConfigurationReference = CCBBFAF010155237901C8D86 /* Pods-PromDate app.debug.xcconfig */;
			buildSettings = {
				ASSETCATALOG_COMPILER_APPICON_NAME = AppIcon;
				CODE_SIGN_IDENTITY = "iPhone Developer";
				CODE_SIGN_STYLE = Automatic;
				DEVELOPMENT_TEAM = K85W3NT78V;
				INFOPLIST_FILE = "PromDate app/Info.plist";
				LD_RUNPATH_SEARCH_PATHS = (
					"$(inherited)",
					"@executable_path/Frameworks",
				);
				PRODUCT_BUNDLE_IDENTIFIER = "com.OlivierCaron.PromDate-app";
				PRODUCT_NAME = "$(TARGET_NAME)";
				PROVISIONING_PROFILE_SPECIFIER = "";
				SWIFT_VERSION = 4.2;
				TARGETED_DEVICE_FAMILY = 1;
			};
			name = Debug;
		};
		096E511222565F2100D86172 /* Release */ = {
			isa = XCBuildConfiguration;
			baseConfigurationReference = 39F4AF0D907CAFFD8E029B7D /* Pods-PromDate app.release.xcconfig */;
			buildSettings = {
				ASSETCATALOG_COMPILER_APPICON_NAME = AppIcon;
				CODE_SIGN_IDENTITY = "iPhone Developer";
				CODE_SIGN_STYLE = Automatic;
				DEVELOPMENT_TEAM = K85W3NT78V;
				INFOPLIST_FILE = "PromDate app/Info.plist";
				LD_RUNPATH_SEARCH_PATHS = (
					"$(inherited)",
					"@executable_path/Frameworks",
				);
				PRODUCT_BUNDLE_IDENTIFIER = "com.OlivierCaron.PromDate-app";
				PRODUCT_NAME = "$(TARGET_NAME)";
				PROVISIONING_PROFILE_SPECIFIER = "";
				SWIFT_VERSION = 4.2;
				TARGETED_DEVICE_FAMILY = 1;
			};
			name = Release;
		};
/* End XCBuildConfiguration section */

/* Begin XCConfigurationList section */
		096E50F922565F1F00D86172 /* Build configuration list for PBXProject "PromDate app" */ = {
			isa = XCConfigurationList;
			buildConfigurations = (
				096E510E22565F2100D86172 /* Debug */,
				096E510F22565F2100D86172 /* Release */,
			);
			defaultConfigurationIsVisible = 0;
			defaultConfigurationName = Release;
		};
		096E511022565F2100D86172 /* Build configuration list for PBXNativeTarget "PromDate app" */ = {
			isa = XCConfigurationList;
			buildConfigurations = (
				096E511122565F2100D86172 /* Debug */,
				096E511222565F2100D86172 /* Release */,
			);
			defaultConfigurationIsVisible = 0;
			defaultConfigurationName = Release;
		};
/* End XCConfigurationList section */
	};
	rootObject = 096E50F622565F1F00D86172 /* Project object */;
}
